// !$*UTF8*$!
{
	archiveVersion = 1;
	classes = {
	};
	objectVersion = 50;
	objects = {

/* Begin PBXBuildFile section */
		D80584F123E02F780098B2FB /* AppDelegate.swift in Sources */ = {isa = PBXBuildFile; fileRef = D80584F023E02F780098B2FB /* AppDelegate.swift */; };
		D80584F323E02F780098B2FB /* SceneDelegate.swift in Sources */ = {isa = PBXBuildFile; fileRef = D80584F223E02F780098B2FB /* SceneDelegate.swift */; };
		D80584F523E02F780098B2FB /* ViewController.swift in Sources */ = {isa = PBXBuildFile; fileRef = D80584F423E02F780098B2FB /* ViewController.swift */; };
		D80584F823E02F780098B2FB /* Main.storyboard in Resources */ = {isa = PBXBuildFile; fileRef = D80584F623E02F780098B2FB /* Main.storyboard */; };
		D80584FA23E02F7A0098B2FB /* Assets.xcassets in Resources */ = {isa = PBXBuildFile; fileRef = D80584F923E02F7A0098B2FB /* Assets.xcassets */; };
		D80584FD23E02F7A0098B2FB /* LaunchScreen.storyboard in Resources */ = {isa = PBXBuildFile; fileRef = D80584FB23E02F7A0098B2FB /* LaunchScreen.storyboard */; };
		D805850623E039AC0098B2FB /* HitList.xcdatamodeld in Sources */ = {isa = PBXBuildFile; fileRef = D805850423E039AC0098B2FB /* HitList.xcdatamodeld */; };
		D805850923E046290098B2FB /* HitModel.swift in Sources */ = {isa = PBXBuildFile; fileRef = D805850823E046290098B2FB /* HitModel.swift */; };
/* End PBXBuildFile section */

/* Begin PBXFileReference section */
		D80584ED23E02F780098B2FB /* CoreDataApp.app */ = {isa = PBXFileReference; explicitFileType = wrapper.application; includeInIndex = 0; path = CoreDataApp.app; sourceTree = BUILT_PRODUCTS_DIR; };
		D80584F023E02F780098B2FB /* AppDelegate.swift */ = {isa = PBXFileReference; lastKnownFileType = sourcecode.swift; path = AppDelegate.swift; sourceTree = "<group>"; };
		D80584F223E02F780098B2FB /* SceneDelegate.swift */ = {isa = PBXFileReference; lastKnownFileType = sourcecode.swift; path = SceneDelegate.swift; sourceTree = "<group>"; };
		D80584F423E02F780098B2FB /* ViewController.swift */ = {isa = PBXFileReference; lastKnownFileType = sourcecode.swift; path = ViewController.swift; sourceTree = "<group>"; };
		D80584F723E02F780098B2FB /* Base */ = {isa = PBXFileReference; lastKnownFileType = file.storyboard; name = Base; path = Base.lproj/Main.storyboard; sourceTree = "<group>"; };
		D80584F923E02F7A0098B2FB /* Assets.xcassets */ = {isa = PBXFileReference; lastKnownFileType = folder.assetcatalog; path = Assets.xcassets; sourceTree = "<group>"; };
		D80584FC23E02F7A0098B2FB /* Base */ = {isa = PBXFileReference; lastKnownFileType = file.storyboard; name = Base; path = Base.lproj/LaunchScreen.storyboard; sourceTree = "<group>"; };
		D80584FE23E02F7A0098B2FB /* Info.plist */ = {isa = PBXFileReference; lastKnownFileType = text.plist.xml; path = Info.plist; sourceTree = "<group>"; };
		D805850523E039AC0098B2FB /* HitList.xcdatamodel */ = {isa = PBXFileReference; lastKnownFileType = wrapper.xcdatamodel; path = HitList.xcdatamodel; sourceTree = "<group>"; };
		D805850823E046290098B2FB /* HitModel.swift */ = {isa = PBXFileReference; lastKnownFileType = sourcecode.swift; path = HitModel.swift; sourceTree = "<group>"; };
/* End PBXFileReference section */

/* Begin PBXFrameworksBuildPhase section */
		D80584EA23E02F780098B2FB /* Frameworks */ = {
			isa = PBXFrameworksBuildPhase;
			buildActionMask = 2147483647;
			files = (
			);
			runOnlyForDeploymentPostprocessing = 0;
		};
/* End PBXFrameworksBuildPhase section */

/* Begin PBXGroup section */
		D80584E423E02F770098B2FB = {
			isa = PBXGroup;
			children = (
				D80584EF23E02F780098B2FB /* CoreDataApp */,
				D80584EE23E02F780098B2FB /* Products */,
			);
			sourceTree = "<group>";
		};
		D80584EE23E02F780098B2FB /* Products */ = {
			isa = PBXGroup;
			children = (
				D80584ED23E02F780098B2FB /* CoreDataApp.app */,
			);
			name = Products;
			sourceTree = "<group>";
		};
		D80584EF23E02F780098B2FB /* CoreDataApp */ = {
			isa = PBXGroup;
			children = (
				D80584F023E02F780098B2FB /* AppDelegate.swift */,
				D80584F223E02F780098B2FB /* SceneDelegate.swift */,
				D80584F623E02F780098B2FB /* Main.storyboard */,
				D805850A23E046310098B2FB /* HitModel */,
				D805850723E046040098B2FB /* Controllers */,
				D80584FB23E02F7A0098B2FB /* LaunchScreen.storyboard */,
				D80584F923E02F7A0098B2FB /* Assets.xcassets */,
				D80584FE23E02F7A0098B2FB /* Info.plist */,
			);
			path = CoreDataApp;
			sourceTree = "<group>";
		};
		D805850723E046040098B2FB /* Controllers */ = {
			isa = PBXGroup;
			children = (
				D80584F423E02F780098B2FB /* ViewController.swift */,
			);
			path = Controllers;
			sourceTree = "<group>";
		};
		D805850A23E046310098B2FB /* HitModel */ = {
			isa = PBXGroup;
			children = (
				D805850823E046290098B2FB /* HitModel.swift */,
				D805850423E039AC0098B2FB /* HitList.xcdatamodeld */,
			);
			path = HitModel;
			sourceTree = "<group>";
		};
/* End PBXGroup section */

/* Begin PBXNativeTarget section */
		D80584EC23E02F780098B2FB /* CoreDataApp */ = {
			isa = PBXNativeTarget;
			buildConfigurationList = D805850123E02F7A0098B2FB /* Build configuration list for PBXNativeTarget "CoreDataApp" */;
			buildPhases = (
				D80584E923E02F780098B2FB /* Sources */,
				D80584EA23E02F780098B2FB /* Frameworks */,
				D80584EB23E02F780098B2FB /* Resources */,
			);
			buildRules = (
			);
			dependencies = (
			);
			name = CoreDataApp;
			productName = CoreDataApp;
			productReference = D80584ED23E02F780098B2FB /* CoreDataApp.app */;
			productType = "com.apple.product-type.application";
		};
/* End PBXNativeTarget section */

/* Begin PBXProject section */
		D80584E523E02F770098B2FB /* Project object */ = {
			isa = PBXProject;
			attributes = {
				LastSwiftUpdateCheck = 1130;
				LastUpgradeCheck = 1130;
				ORGANIZATIONNAME = Li;
				TargetAttributes = {
					D80584EC23E02F780098B2FB = {
						CreatedOnToolsVersion = 11.3;
					};
				};
			};
			buildConfigurationList = D80584E823E02F780098B2FB /* Build configuration list for PBXProject "CoreDataApp" */;
			compatibilityVersion = "Xcode 9.3";
			developmentRegion = en;
			hasScannedForEncodings = 0;
			knownRegions = (
				en,
				Base,
			);
			mainGroup = D80584E423E02F770098B2FB;
			productRefGroup = D80584EE23E02F780098B2FB /* Products */;
			projectDirPath = "";
			projectRoot = "";
			targets = (
				D80584EC23E02F780098B2FB /* CoreDataApp */,
			);
		};
/* End PBXProject section */

/* Begin PBXResourcesBuildPhase section */
		D80584EB23E02F780098B2FB /* Resources */ = {
			isa = PBXResourcesBuildPhase;
			buildActionMask = 2147483647;
			files = (
				D80584FD23E02F7A0098B2FB /* LaunchScreen.storyboard in Resources */,
				D80584FA23E02F7A0098B2FB /* Assets.xcassets in Resources */,
				D80584F823E02F780098B2FB /* Main.storyboard in Resources */,
			);
			runOnlyForDeploymentPostprocessing = 0;
		};
/* End PBXResourcesBuildPhase section */

/* Begin PBXSourcesBuildPhase section */
		D80584E923E02F780098B2FB /* Sources */ = {
			isa = PBXSourcesBuildPhase;
			buildActionMask = 2147483647;
			files = (
				D80584F523E02F780098B2FB /* ViewController.swift in Sources */,
				D805850623E039AC0098B2FB /* HitList.xcdatamodeld in Sources */,
				D80584F123E02F780098B2FB /* AppDelegate.swift in Sources */,
				D805850923E046290098B2FB /* HitModel.swift in Sources */,
				D80584F323E02F780098B2FB /* SceneDelegate.swift in Sources */,
			);
			runOnlyForDeploymentPostprocessing = 0;
		};
/* End PBXSourcesBuildPhase section */

/* Begin PBXVariantGroup section */
		D80584F623E02F780098B2FB /* Main.storyboard */ = {
			isa = PBXVariantGroup;
			children = (
				D80584F723E02F780098B2FB /* Base */,
			);
			name = Main.storyboard;
			sourceTree = "<group>";
		};
		D80584FB23E02F7A0098B2FB /* LaunchScreen.storyboard */ = {
			isa = PBXVariantGroup;
			children = (
				D80584FC23E02F7A0098B2FB /* Base */,
			);
			name = LaunchScreen.storyboard;
			sourceTree = "<group>";
		};
/* End PBXVariantGroup section */

/* Begin XCBuildConfiguration section */
		D80584FF23E02F7A0098B2FB /* Debug */ = {
			isa = XCBuildConfiguration;
			buildSettings = {
				ALWAYS_SEARCH_USER_PATHS = NO;
				CLANG_ANALYZER_NONNULL = YES;
				CLANG_ANALYZER_NUMBER_OBJECT_CONVERSION = YES_AGGRESSIVE;
				CLANG_CXX_LANGUAGE_STANDARD = "gnu++14";
				CLANG_CXX_LIBRARY = "libc++";
				CLANG_ENABLE_MODULES = YES;
				CLANG_ENABLE_OBJC_ARC = YES;
				CLANG_ENABLE_OBJC_WEAK = YES;
				CLANG_WARN_BLOCK_CAPTURE_AUTORELEASING = YES;
				CLANG_WARN_BOOL_CONVERSION = YES;
				CLANG_WARN_COMMA = YES;
				CLANG_WARN_CONSTANT_CONVERSION = YES;
				CLANG_WARN_DEPRECATED_OBJC_IMPLEMENTATIONS = YES;
				CLANG_WARN_DIRECT_OBJC_ISA_USAGE = YES_ERROR;
				CLANG_WARN_DOCUMENTATION_COMMENTS = YES;
				CLANG_WARN_EMPTY_BODY = YES;
				CLANG_WARN_ENUM_CONVERSION = YES;
				CLANG_WARN_INFINITE_RECURSION = YES;
				CLANG_WARN_INT_CONVERSION = YES;
				CLANG_WARN_NON_LITERAL_NULL_CONVERSION = YES;
				CLANG_WARN_OBJC_IMPLICIT_RETAIN_SELF = YES;
				CLANG_WARN_OBJC_LITERAL_CONVERSION = YES;
				CLANG_WARN_OBJC_ROOT_CLASS = YES_ERROR;
				CLANG_WARN_RANGE_LOOP_ANALYSIS = YES;
				CLANG_WARN_STRICT_PROTOTYPES = YES;
				CLANG_WARN_SUSPICIOUS_MOVE = YES;
				CLANG_WARN_UNGUARDED_AVAILABILITY = YES_AGGRESSIVE;
				CLANG_WARN_UNREACHABLE_CODE = YES;
				CLANG_WARN__DUPLICATE_METHOD_MATCH = YES;
				COPY_PHASE_STRIP = NO;
				DEBUG_INFORMATION_FORMAT = dwarf;
				ENABLE_STRICT_OBJC_MSGSEND = YES;
				ENABLE_TESTABILITY = YES;
				GCC_C_LANGUAGE_STANDARD = gnu11;
				GCC_DYNAMIC_NO_PIC = NO;
				GCC_NO_COMMON_BLOCKS = YES;
				GCC_OPTIMIZATION_LEVEL = 0;
				GCC_PREPROCESSOR_DEFINITIONS = (
					"DEBUG=1",
					"$(inherited)",
				);
				GCC_WARN_64_TO_32_BIT_CONVERSION = YES;
				GCC_WARN_ABOUT_RETURN_TYPE = YES_ERROR;
				GCC_WARN_UNDECLARED_SELECTOR = YES;
				GCC_WARN_UNINITIALIZED_AUTOS = YES_AGGRESSIVE;
				GCC_WARN_UNUSED_FUNCTION = YES;
				GCC_WARN_UNUSED_VARIABLE = YES;
				IPHONEOS_DEPLOYMENT_TARGET = 13.2;
				MTL_ENABLE_DEBUG_INFO = INCLUDE_SOURCE;
				MTL_FAST_MATH = YES;
				ONLY_ACTIVE_ARCH = YES;
				SDKROOT = iphoneos;
				SWIFT_ACTIVE_COMPILATION_CONDITIONS = DEBUG;
				SWIFT_OPTIMIZATION_LEVEL = "-Onone";
			};
			name = Debug;
		};
		D805850023E02F7A0098B2FB /* Release */ = {
			isa = XCBuildConfiguration;
			buildSettings = {
				ALWAYS_SEARCH_USER_PATHS = NO;
				CLANG_ANALYZER_NONNULL = YES;
				CLANG_ANALYZER_NUMBER_OBJECT_CONVERSION = YES_AGGRESSIVE;
				CLANG_CXX_LANGUAGE_STANDARD = "gnu++14";
				CLANG_CXX_LIBRARY = "libc++";
				CLANG_ENABLE_MODULES = YES;
				CLANG_ENABLE_OBJC_ARC = YES;
				CLANG_ENABLE_OBJC_WEAK = YES;
				CLANG_WARN_BLOCK_CAPTURE_AUTORELEASING = YES;
				CLANG_WARN_BOOL_CONVERSION = YES;
				CLANG_WARN_COMMA = YES;
				CLANG_WARN_CONSTANT_CONVERSION = YES;
				CLANG_WARN_DEPRECATED_OBJC_IMPLEMENTATIONS = YES;
				CLANG_WARN_DIRECT_OBJC_ISA_USAGE = YES_ERROR;
				CLANG_WARN_DOCUMENTATION_COMMENTS = YES;
				CLANG_WARN_EMPTY_BODY = YES;
				CLANG_WARN_ENUM_CONVERSION = YES;
				CLANG_WARN_INFINITE_RECURSION = YES;
				CLANG_WARN_INT_CONVERSION = YES;
				CLANG_WARN_NON_LITERAL_NULL_CONVERSION = YES;
				CLANG_WARN_OBJC_IMPLICIT_RETAIN_SELF = YES;
				CLANG_WARN_OBJC_LITERAL_CONVERSION = YES;
				CLANG_WARN_OBJC_ROOT_CLASS = YES_ERROR;
				CLANG_WARN_RANGE_LOOP_ANALYSIS = YES;
				CLANG_WARN_STRICT_PROTOTYPES = YES;
				CLANG_WARN_SUSPICIOUS_MOVE = YES;
				CLANG_WARN_UNGUARDED_AVAILABILITY = YES_AGGRESSIVE;
				CLANG_WARN_UNREACHABLE_CODE = YES;
				CLANG_WARN__DUPLICATE_METHOD_MATCH = YES;
				COPY_PHASE_STRIP = NO;
				DEBUG_INFORMATION_FORMAT = "dwarf-with-dsym";
				ENABLE_NS_ASSERTIONS = NO;
				ENABLE_STRICT_OBJC_MSGSEND = YES;
				GCC_C_LANGUAGE_STANDARD = gnu11;
				GCC_NO_COMMON_BLOCKS = YES;
				GCC_WARN_64_TO_32_BIT_CONVERSION = YES;
				GCC_WARN_ABOUT_RETURN_TYPE = YES_ERROR;
				GCC_WARN_UNDECLARED_SELECTOR = YES;
				GCC_WARN_UNINITIALIZED_AUTOS = YES_AGGRESSIVE;
				GCC_WARN_UNUSED_FUNCTION = YES;
				GCC_WARN_UNUSED_VARIABLE = YES;
				IPHONEOS_DEPLOYMENT_TARGET = 13.2;
				MTL_ENABLE_DEBUG_INFO = NO;
				MTL_FAST_MATH = YES;
				SDKROOT = iphoneos;
				SWIFT_COMPILATION_MODE = wholemodule;
				SWIFT_OPTIMIZATION_LEVEL = "-O";
				VALIDATE_PRODUCT = YES;
			};
			name = Release;
		};
		D805850223E02F7A0098B2FB /* Debug */ = {
			isa = XCBuildConfiguration;
			buildSettings = {
				ASSETCATALOG_COMPILER_APPICON_NAME = AppIcon;
				CODE_SIGN_STYLE = Automatic;
				INFOPLIST_FILE = CoreDataApp/Info.plist;
				LD_RUNPATH_SEARCH_PATHS = (
					"$(inherited)",
					"@executable_path/Frameworks",
				);
				PRODUCT_BUNDLE_IDENTIFIER = liCompany.CoreDataApp;
				PRODUCT_NAME = "$(TARGET_NAME)";
				SWIFT_VERSION = 5.0;
				TARGETED_DEVICE_FAMILY = "1,2";
			};
			name = Debug;
		};
		D805850323E02F7A0098B2FB /* Release */ = {
			isa = XCBuildConfiguration;
			buildSettings = {
				ASSETCATALOG_COMPILER_APPICON_NAME = AppIcon;
				CODE_SIGN_STYLE = Automatic;
				INFOPLIST_FILE = CoreDataApp/Info.plist;
				LD_RUNPATH_SEARCH_PATHS = (
					"$(inherited)",
					"@executable_path/Frameworks",
				);
				PRODUCT_BUNDLE_IDENTIFIER = liCompany.CoreDataApp;
				PRODUCT_NAME = "$(TARGET_NAME)";
				SWIFT_VERSION = 5.0;
				TARGETED_DEVICE_FAMILY = "1,2";
			};
			name = Release;
		};
/* End XCBuildConfiguration section */

/* Begin XCConfigurationList section */
		D80584E823E02F780098B2FB /* Build configuration list for PBXProject "CoreDataApp" */ = {
			isa = XCConfigurationList;
			buildConfigurations = (
				D80584FF23E02F7A0098B2FB /* Debug */,
				D805850023E02F7A0098B2FB /* Release */,
			);
			defaultConfigurationIsVisible = 0;
			defaultConfigurationName = Release;
		};
		D805850123E02F7A0098B2FB /* Build configuration list for PBXNativeTarget "CoreDataApp" */ = {
			isa = XCConfigurationList;
			buildConfigurations = (
				D805850223E02F7A0098B2FB /* Debug */,
				D805850323E02F7A0098B2FB /* Release */,
			);
			defaultConfigurationIsVisible = 0;
			defaultConfigurationName = Release;
		};
/* End XCConfigurationList section */

/* Begin XCVersionGroup section */
		D805850423E039AC0098B2FB /* HitList.xcdatamodeld */ = {
			isa = XCVersionGroup;
			children = (
				D805850523E039AC0098B2FB /* HitList.xcdatamodel */,
			);
			currentVersion = D805850523E039AC0098B2FB /* HitList.xcdatamodel */;
			path = HitList.xcdatamodeld;
			sourceTree = "<group>";
			versionGroupType = wrapper.xcdatamodel;
		};
/* End XCVersionGroup section */
	};
	rootObject = D80584E523E02F770098B2FB /* Project object */;
}
